
Microsoft Visual Studio Solution File, Format Version 12.00
# Visual Studio Version 16
VisualStudioVersion = 16.0.31410.357
MinimumVisualStudioVersion = 10.0.40219.1
Project("{FAE04EC0-301F-11D3-BF4B-00C04F79EFBC}") = "TSM_Motor", "TSM_Motor\TSM_Motor.csproj", "{2E67654B-0BA7-4A93-8993-C0980E42B071}"
EndProject
Project("{FAE04EC0-301F-11D3-BF4B-00C04F79EFBC}") = "RS232ComPort", "..\RS232ComPort\RS232ComPort.csproj", "{9F6D2570-8C70-45DE-856D-5B45223912F0}"
EndProject
Global
	GlobalSection(SolutionConfigurationPlatforms) = preSolution
		Debug|Any CPU = Debug|Any CPU
		Release|Any CPU = Release|Any CPU
	EndGlobalSection
	GlobalSection(ProjectConfigurationPlatforms) = postSolution
		{2E67654B-0BA7-4A93-8993-C0980E42B071}.Debug|Any CPU.ActiveCfg = Debug|Any CPU
		{2E67654B-0BA7-4A93-8993-C0980E42B071}.Debug|Any CPU.Build.0 = Debug|Any CPU
		{2E67654B-0BA7-4A93-8993-C0980E42B071}.Release|Any CPU.ActiveCfg = Release|Any CPU
		{2E67654B-0BA7-4A93-8993-C0980E42B071}.Release|Any CPU.Build.0 = Release|Any CPU
		{9F6D2570-8C70-45DE-856D-5B45223912F0}.Debug|Any CPU.ActiveCfg = Debug|Any CPU
		{9F6D2570-8C70-45DE-856D-5B45223912F0}.Debug|Any CPU.Build.0 = Debug|Any CPU
		{9F6D2570-8C70-45DE-856D-5B45223912F0}.Release|Any CPU.ActiveCfg = Release|Any CPU
		{9F6D2570-8C70-45DE-856D-5B45223912F0}.Release|Any CPU.Build.0 = Release|Any CPU
	EndGlobalSection
	GlobalSection(SolutionProperties) = preSolution
		HideSolutionNode = FALSE
	EndGlobalSection
	GlobalSection(ExtensibilityGlobals) = postSolution
		SolutionGuid = {3E2EB652-F9B8-4034-A796-3DB694B29206}
	EndGlobalSection
EndGlobal
